// !$*UTF8*$!
{
	archiveVersion = 1;
	classes = {
	};
	objectVersion = 55;
	objects = {

/* Begin PBXBuildFile section */
		84E6A46E2770B3F400F11F5E /* AppDelegate.swift in Sources */ = {isa = PBXBuildFile; fileRef = 84E6A46D2770B3F400F11F5E /* AppDelegate.swift */; };
		84E6A4702770B3F400F11F5E /* SceneDelegate.swift in Sources */ = {isa = PBXBuildFile; fileRef = 84E6A46F2770B3F400F11F5E /* SceneDelegate.swift */; };
		84E6A4722770B3F400F11F5E /* ViewController.swift in Sources */ = {isa = PBXBuildFile; fileRef = 84E6A4712770B3F400F11F5E /* ViewController.swift */; };
		84E6A4752770B3F400F11F5E /* Main.storyboard in Resources */ = {isa = PBXBuildFile; fileRef = 84E6A4732770B3F400F11F5E /* Main.storyboard */; };
		84E6A4772770B3F600F11F5E /* Assets.xcassets in Resources */ = {isa = PBXBuildFile; fileRef = 84E6A4762770B3F600F11F5E /* Assets.xcassets */; };
		84E6A47A2770B3F600F11F5E /* LaunchScreen.storyboard in Resources */ = {isa = PBXBuildFile; fileRef = 84E6A4782770B3F600F11F5E /* LaunchScreen.storyboard */; };
		84E6A4852770B3F600F11F5E /* MadLibsTests.swift in Sources */ = {isa = PBXBuildFile; fileRef = 84E6A4842770B3F600F11F5E /* MadLibsTests.swift */; };
		84E6A48F2770B3F600F11F5E /* MadLibsUITests.swift in Sources */ = {isa = PBXBuildFile; fileRef = 84E6A48E2770B3F600F11F5E /* MadLibsUITests.swift */; };
		84E6A4912770B3F600F11F5E /* MadLibsUITestsLaunchTests.swift in Sources */ = {isa = PBXBuildFile; fileRef = 84E6A4902770B3F600F11F5E /* MadLibsUITestsLaunchTests.swift */; };
/* End PBXBuildFile section */

/* Begin PBXContainerItemProxy section */
		84E6A4812770B3F600F11F5E /* PBXContainerItemProxy */ = {
			isa = PBXContainerItemProxy;
			containerPortal = 84E6A4622770B3F400F11F5E /* Project object */;
			proxyType = 1;
			remoteGlobalIDString = 84E6A4692770B3F400F11F5E;
			remoteInfo = MadLibs;
		};
		84E6A48B2770B3F600F11F5E /* PBXContainerItemProxy */ = {
			isa = PBXContainerItemProxy;
			containerPortal = 84E6A4622770B3F400F11F5E /* Project object */;
			proxyType = 1;
			remoteGlobalIDString = 84E6A4692770B3F400F11F5E;
			remoteInfo = MadLibs;
		};
/* End PBXContainerItemProxy section */

/* Begin PBXFileReference section */
		84E6A46A2770B3F400F11F5E /* MadLibs.app */ = {isa = PBXFileReference; explicitFileType = wrapper.application; includeInIndex = 0; path = MadLibs.app; sourceTree = BUILT_PRODUCTS_DIR; };
		84E6A46D2770B3F400F11F5E /* AppDelegate.swift */ = {isa = PBXFileReference; lastKnownFileType = sourcecode.swift; path = AppDelegate.swift; sourceTree = "<group>"; };
		84E6A46F2770B3F400F11F5E /* SceneDelegate.swift */ = {isa = PBXFileReference; lastKnownFileType = sourcecode.swift; path = SceneDelegate.swift; sourceTree = "<group>"; };
		84E6A4712770B3F400F11F5E /* ViewController.swift */ = {isa = PBXFileReference; lastKnownFileType = sourcecode.swift; path = ViewController.swift; sourceTree = "<group>"; };
		84E6A4742770B3F400F11F5E /* Base */ = {isa = PBXFileReference; lastKnownFileType = file.storyboard; name = Base; path = Base.lproj/Main.storyboard; sourceTree = "<group>"; };
		84E6A4762770B3F600F11F5E /* Assets.xcassets */ = {isa = PBXFileReference; lastKnownFileType = folder.assetcatalog; path = Assets.xcassets; sourceTree = "<group>"; };
		84E6A4792770B3F600F11F5E /* Base */ = {isa = PBXFileReference; lastKnownFileType = file.storyboard; name = Base; path = Base.lproj/LaunchScreen.storyboard; sourceTree = "<group>"; };
		84E6A47B2770B3F600F11F5E /* Info.plist */ = {isa = PBXFileReference; lastKnownFileType = text.plist.xml; path = Info.plist; sourceTree = "<group>"; };
		84E6A4802770B3F600F11F5E /* MadLibsTests.xctest */ = {isa = PBXFileReference; explicitFileType = wrapper.cfbundle; includeInIndex = 0; path = MadLibsTests.xctest; sourceTree = BUILT_PRODUCTS_DIR; };
		84E6A4842770B3F600F11F5E /* MadLibsTests.swift */ = {isa = PBXFileReference; lastKnownFileType = sourcecode.swift; path = MadLibsTests.swift; sourceTree = "<group>"; };
		84E6A48A2770B3F600F11F5E /* MadLibsUITests.xctest */ = {isa = PBXFileReference; explicitFileType = wrapper.cfbundle; includeInIndex = 0; path = MadLibsUITests.xctest; sourceTree = BUILT_PRODUCTS_DIR; };
		84E6A48E2770B3F600F11F5E /* MadLibsUITests.swift */ = {isa = PBXFileReference; lastKnownFileType = sourcecode.swift; path = MadLibsUITests.swift; sourceTree = "<group>"; };
		84E6A4902770B3F600F11F5E /* MadLibsUITestsLaunchTests.swift */ = {isa = PBXFileReference; lastKnownFileType = sourcecode.swift; path = MadLibsUITestsLaunchTests.swift; sourceTree = "<group>"; };
/* End PBXFileReference section */

/* Begin PBXFrameworksBuildPhase section */
		84E6A4672770B3F400F11F5E /* Frameworks */ = {
			isa = PBXFrameworksBuildPhase;
			buildActionMask = 2147483647;
			files = (
			);
			runOnlyForDeploymentPostprocessing = 0;
		};
		84E6A47D2770B3F600F11F5E /* Frameworks */ = {
			isa = PBXFrameworksBuildPhase;
			buildActionMask = 2147483647;
			files = (
			);
			runOnlyForDeploymentPostprocessing = 0;
		};
		84E6A4872770B3F600F11F5E /* Frameworks */ = {
			isa = PBXFrameworksBuildPhase;
			buildActionMask = 2147483647;
			files = (
			);
			runOnlyForDeploymentPostprocessing = 0;
		};
/* End PBXFrameworksBuildPhase section */

/* Begin PBXGroup section */
		84E6A4612770B3F400F11F5E = {
			isa = PBXGroup;
			children = (
				84E6A46C2770B3F400F11F5E /* MadLibs */,
				84E6A4832770B3F600F11F5E /* MadLibsTests */,
				84E6A48D2770B3F600F11F5E /* MadLibsUITests */,
				84E6A46B2770B3F400F11F5E /* Products */,
			);
			sourceTree = "<group>";
		};
		84E6A46B2770B3F400F11F5E /* Products */ = {
			isa = PBXGroup;
			children = (
				84E6A46A2770B3F400F11F5E /* MadLibs.app */,
				84E6A4802770B3F600F11F5E /* MadLibsTests.xctest */,
				84E6A48A2770B3F600F11F5E /* MadLibsUITests.xctest */,
			);
			name = Products;
			sourceTree = "<group>";
		};
		84E6A46C2770B3F400F11F5E /* MadLibs */ = {
			isa = PBXGroup;
			children = (
				84E6A46D2770B3F400F11F5E /* AppDelegate.swift */,
				84E6A46F2770B3F400F11F5E /* SceneDelegate.swift */,
				84E6A4712770B3F400F11F5E /* ViewController.swift */,
				84E6A4732770B3F400F11F5E /* Main.storyboard */,
				84E6A4762770B3F600F11F5E /* Assets.xcassets */,
				84E6A4782770B3F600F11F5E /* LaunchScreen.storyboard */,
				84E6A47B2770B3F600F11F5E /* Info.plist */,
			);
			path = MadLibs;
			sourceTree = "<group>";
		};
		84E6A4832770B3F600F11F5E /* MadLibsTests */ = {
			isa = PBXGroup;
			children = (
				84E6A4842770B3F600F11F5E /* MadLibsTests.swift */,
			);
			path = MadLibsTests;
			sourceTree = "<group>";
		};
		84E6A48D2770B3F600F11F5E /* MadLibsUITests */ = {
			isa = PBXGroup;
			children = (
				84E6A48E2770B3F600F11F5E /* MadLibsUITests.swift */,
				84E6A4902770B3F600F11F5E /* MadLibsUITestsLaunchTests.swift */,
			);
			path = MadLibsUITests;
			sourceTree = "<group>";
		};
/* End PBXGroup section */

/* Begin PBXNativeTarget section */
		84E6A4692770B3F400F11F5E /* MadLibs */ = {
			isa = PBXNativeTarget;
			buildConfigurationList = 84E6A4942770B3F600F11F5E /* Build configuration list for PBXNativeTarget "MadLibs" */;
			buildPhases = (
				84E6A4662770B3F400F11F5E /* Sources */,
				84E6A4672770B3F400F11F5E /* Frameworks */,
				84E6A4682770B3F400F11F5E /* Resources */,
			);
			buildRules = (
			);
			dependencies = (
			);
			name = MadLibs;
			productName = MadLibs;
			productReference = 84E6A46A2770B3F400F11F5E /* MadLibs.app */;
			productType = "com.apple.product-type.application";
		};
		84E6A47F2770B3F600F11F5E /* MadLibsTests */ = {
			isa = PBXNativeTarget;
			buildConfigurationList = 84E6A4972770B3F600F11F5E /* Build configuration list for PBXNativeTarget "MadLibsTests" */;
			buildPhases = (
				84E6A47C2770B3F600F11F5E /* Sources */,
				84E6A47D2770B3F600F11F5E /* Frameworks */,
				84E6A47E2770B3F600F11F5E /* Resources */,
			);
			buildRules = (
			);
			dependencies = (
				84E6A4822770B3F600F11F5E /* PBXTargetDependency */,
			);
			name = MadLibsTests;
			productName = MadLibsTests;
			productReference = 84E6A4802770B3F600F11F5E /* MadLibsTests.xctest */;
			productType = "com.apple.product-type.bundle.unit-test";
		};
		84E6A4892770B3F600F11F5E /* MadLibsUITests */ = {
			isa = PBXNativeTarget;
			buildConfigurationList = 84E6A49A2770B3F600F11F5E /* Build configuration list for PBXNativeTarget "MadLibsUITests" */;
			buildPhases = (
				84E6A4862770B3F600F11F5E /* Sources */,
				84E6A4872770B3F600F11F5E /* Frameworks */,
				84E6A4882770B3F600F11F5E /* Resources */,
			);
			buildRules = (
			);
			dependencies = (
				84E6A48C2770B3F600F11F5E /* PBXTargetDependency */,
			);
			name = MadLibsUITests;
			productName = MadLibsUITests;
			productReference = 84E6A48A2770B3F600F11F5E /* MadLibsUITests.xctest */;
			productType = "com.apple.product-type.bundle.ui-testing";
		};
/* End PBXNativeTarget section */

/* Begin PBXProject section */
		84E6A4622770B3F400F11F5E /* Project object */ = {
			isa = PBXProject;
			attributes = {
				BuildIndependentTargetsInParallel = 1;
				LastSwiftUpdateCheck = 1310;
				LastUpgradeCheck = 1310;
				TargetAttributes = {
					84E6A4692770B3F400F11F5E = {
						CreatedOnToolsVersion = 13.1;
					};
					84E6A47F2770B3F600F11F5E = {
						CreatedOnToolsVersion = 13.1;
						TestTargetID = 84E6A4692770B3F400F11F5E;
					};
					84E6A4892770B3F600F11F5E = {
						CreatedOnToolsVersion = 13.1;
						TestTargetID = 84E6A4692770B3F400F11F5E;
					};
				};
			};
			buildConfigurationList = 84E6A4652770B3F400F11F5E /* Build configuration list for PBXProject "MadLibs" */;
			compatibilityVersion = "Xcode 13.0";
			developmentRegion = en;
			hasScannedForEncodings = 0;
			knownRegions = (
				en,
				Base,
			);
			mainGroup = 84E6A4612770B3F400F11F5E;
			productRefGroup = 84E6A46B2770B3F400F11F5E /* Products */;
			projectDirPath = "";
			projectRoot = "";
			targets = (
				84E6A4692770B3F400F11F5E /* MadLibs */,
				84E6A47F2770B3F600F11F5E /* MadLibsTests */,
				84E6A4892770B3F600F11F5E /* MadLibsUITests */,
			);
		};
/* End PBXProject section */

/* Begin PBXResourcesBuildPhase section */
		84E6A4682770B3F400F11F5E /* Resources */ = {
			isa = PBXResourcesBuildPhase;
			buildActionMask = 2147483647;
			files = (
				84E6A47A2770B3F600F11F5E /* LaunchScreen.storyboard in Resources */,
				84E6A4772770B3F600F11F5E /* Assets.xcassets in Resources */,
				84E6A4752770B3F400F11F5E /* Main.storyboard in Resources */,
			);
			runOnlyForDeploymentPostprocessing = 0;
		};
		84E6A47E2770B3F600F11F5E /* Resources */ = {
			isa = PBXResourcesBuildPhase;
			buildActionMask = 2147483647;
			files = (
			);
			runOnlyForDeploymentPostprocessing = 0;
		};
		84E6A4882770B3F600F11F5E /* Resources */ = {
			isa = PBXResourcesBuildPhase;
			buildActionMask = 2147483647;
			files = (
			);
			runOnlyForDeploymentPostprocessing = 0;
		};
/* End PBXResourcesBuildPhase section */

/* Begin PBXSourcesBuildPhase section */
		84E6A4662770B3F400F11F5E /* Sources */ = {
			isa = PBXSourcesBuildPhase;
			buildActionMask = 2147483647;
			files = (
				84E6A4722770B3F400F11F5E /* ViewController.swift in Sources */,
				84E6A46E2770B3F400F11F5E /* AppDelegate.swift in Sources */,
				84E6A4702770B3F400F11F5E /* SceneDelegate.swift in Sources */,
			);
			runOnlyForDeploymentPostprocessing = 0;
		};
		84E6A47C2770B3F600F11F5E /* Sources */ = {
			isa = PBXSourcesBuildPhase;
			buildActionMask = 2147483647;
			files = (
				84E6A4852770B3F600F11F5E /* MadLibsTests.swift in Sources */,
			);
			runOnlyForDeploymentPostprocessing = 0;
		};
		84E6A4862770B3F600F11F5E /* Sources */ = {
			isa = PBXSourcesBuildPhase;
			buildActionMask = 2147483647;
			files = (
				84E6A48F2770B3F600F11F5E /* MadLibsUITests.swift in Sources */,
				84E6A4912770B3F600F11F5E /* MadLibsUITestsLaunchTests.swift in Sources */,
			);
			runOnlyForDeploymentPostprocessing = 0;
		};
/* End PBXSourcesBuildPhase section */

/* Begin PBXTargetDependency section */
		84E6A4822770B3F600F11F5E /* PBXTargetDependency */ = {
			isa = PBXTargetDependency;
			target = 84E6A4692770B3F400F11F5E /* MadLibs */;
			targetProxy = 84E6A4812770B3F600F11F5E /* PBXContainerItemProxy */;
		};
		84E6A48C2770B3F600F11F5E /* PBXTargetDependency */ = {
			isa = PBXTargetDependency;
			target = 84E6A4692770B3F400F11F5E /* MadLibs */;
			targetProxy = 84E6A48B2770B3F600F11F5E /* PBXContainerItemProxy */;
		};
/* End PBXTargetDependency section */

/* Begin PBXVariantGroup section */
		84E6A4732770B3F400F11F5E /* Main.storyboard */ = {
			isa = PBXVariantGroup;
			children = (
				84E6A4742770B3F400F11F5E /* Base */,
			);
			name = Main.storyboard;
			sourceTree = "<group>";
		};
		84E6A4782770B3F600F11F5E /* LaunchScreen.storyboard */ = {
			isa = PBXVariantGroup;
			children = (
				84E6A4792770B3F600F11F5E /* Base */,
			);
			name = LaunchScreen.storyboard;
			sourceTree = "<group>";
		};
/* End PBXVariantGroup section */

/* Begin XCBuildConfiguration section */
		84E6A4922770B3F600F11F5E /* Debug */ = {
			isa = XCBuildConfiguration;
			buildSettings = {
				ALWAYS_SEARCH_USER_PATHS = NO;
				CLANG_ANALYZER_NONNULL = YES;
				CLANG_ANALYZER_NUMBER_OBJECT_CONVERSION = YES_AGGRESSIVE;
				CLANG_CXX_LANGUAGE_STANDARD = "gnu++17";
				CLANG_CXX_LIBRARY = "libc++";
				CLANG_ENABLE_MODULES = YES;
				CLANG_ENABLE_OBJC_ARC = YES;
				CLANG_ENABLE_OBJC_WEAK = YES;
				CLANG_WARN_BLOCK_CAPTURE_AUTORELEASING = YES;
				CLANG_WARN_BOOL_CONVERSION = YES;
				CLANG_WARN_COMMA = YES;
				CLANG_WARN_CONSTANT_CONVERSION = YES;
				CLANG_WARN_DEPRECATED_OBJC_IMPLEMENTATIONS = YES;
				CLANG_WARN_DIRECT_OBJC_ISA_USAGE = YES_ERROR;
				CLANG_WARN_DOCUMENTATION_COMMENTS = YES;
				CLANG_WARN_EMPTY_BODY = YES;
				CLANG_WARN_ENUM_CONVERSION = YES;
				CLANG_WARN_INFINITE_RECURSION = YES;
				CLANG_WARN_INT_CONVERSION = YES;
				CLANG_WARN_NON_LITERAL_NULL_CONVERSION = YES;
				CLANG_WARN_OBJC_IMPLICIT_RETAIN_SELF = YES;
				CLANG_WARN_OBJC_LITERAL_CONVERSION = YES;
				CLANG_WARN_OBJC_ROOT_CLASS = YES_ERROR;
				CLANG_WARN_QUOTED_INCLUDE_IN_FRAMEWORK_HEADER = YES;
				CLANG_WARN_RANGE_LOOP_ANALYSIS = YES;
				CLANG_WARN_STRICT_PROTOTYPES = YES;
				CLANG_WARN_SUSPICIOUS_MOVE = YES;
				CLANG_WARN_UNGUARDED_AVAILABILITY = YES_AGGRESSIVE;
				CLANG_WARN_UNREACHABLE_CODE = YES;
				CLANG_WARN__DUPLICATE_METHOD_MATCH = YES;
				COPY_PHASE_STRIP = NO;
				DEBUG_INFORMATION_FORMAT = dwarf;
				ENABLE_STRICT_OBJC_MSGSEND = YES;
				ENABLE_TESTABILITY = YES;
				GCC_C_LANGUAGE_STANDARD = gnu11;
				GCC_DYNAMIC_NO_PIC = NO;
				GCC_NO_COMMON_BLOCKS = YES;
				GCC_OPTIMIZATION_LEVEL = 0;
				GCC_PREPROCESSOR_DEFINITIONS = (
					"DEBUG=1",
					"$(inherited)",
				);
				GCC_WARN_64_TO_32_BIT_CONVERSION = YES;
				GCC_WARN_ABOUT_RETURN_TYPE = YES_ERROR;
				GCC_WARN_UNDECLARED_SELECTOR = YES;
				GCC_WARN_UNINITIALIZED_AUTOS = YES_AGGRESSIVE;
				GCC_WARN_UNUSED_FUNCTION = YES;
				GCC_WARN_UNUSED_VARIABLE = YES;
				IPHONEOS_DEPLOYMENT_TARGET = 15.0;
				MTL_ENABLE_DEBUG_INFO = INCLUDE_SOURCE;
				MTL_FAST_MATH = YES;
				ONLY_ACTIVE_ARCH = YES;
				SDKROOT = iphoneos;
				SWIFT_ACTIVE_COMPILATION_CONDITIONS = DEBUG;
				SWIFT_OPTIMIZATION_LEVEL = "-Onone";
			};
			name = Debug;
		};
		84E6A4932770B3F600F11F5E /* Release */ = {
			isa = XCBuildConfiguration;
			buildSettings = {
				ALWAYS_SEARCH_USER_PATHS = NO;
				CLANG_ANALYZER_NONNULL = YES;
				CLANG_ANALYZER_NUMBER_OBJECT_CONVERSION = YES_AGGRESSIVE;
				CLANG_CXX_LANGUAGE_STANDARD = "gnu++17";
				CLANG_CXX_LIBRARY = "libc++";
				CLANG_ENABLE_MODULES = YES;
				CLANG_ENABLE_OBJC_ARC = YES;
				CLANG_ENABLE_OBJC_WEAK = YES;
				CLANG_WARN_BLOCK_CAPTURE_AUTORELEASING = YES;
				CLANG_WARN_BOOL_CONVERSION = YES;
				CLANG_WARN_COMMA = YES;
				CLANG_WARN_CONSTANT_CONVERSION = YES;
				CLANG_WARN_DEPRECATED_OBJC_IMPLEMENTATIONS = YES;
				CLANG_WARN_DIRECT_OBJC_ISA_USAGE = YES_ERROR;
				CLANG_WARN_DOCUMENTATION_COMMENTS = YES;
				CLANG_WARN_EMPTY_BODY = YES;
				CLANG_WARN_ENUM_CONVERSION = YES;
				CLANG_WARN_INFINITE_RECURSION = YES;
				CLANG_WARN_INT_CONVERSION = YES;
				CLANG_WARN_NON_LITERAL_NULL_CONVERSION = YES;
				CLANG_WARN_OBJC_IMPLICIT_RETAIN_SELF = YES;
				CLANG_WARN_OBJC_LITERAL_CONVERSION = YES;
				CLANG_WARN_OBJC_ROOT_CLASS = YES_ERROR;
				CLANG_WARN_QUOTED_INCLUDE_IN_FRAMEWORK_HEADER = YES;
				CLANG_WARN_RANGE_LOOP_ANALYSIS = YES;
				CLANG_WARN_STRICT_PROTOTYPES = YES;
				CLANG_WARN_SUSPICIOUS_MOVE = YES;
				CLANG_WARN_UNGUARDED_AVAILABILITY = YES_AGGRESSIVE;
				CLANG_WARN_UNREACHABLE_CODE = YES;
				CLANG_WARN__DUPLICATE_METHOD_MATCH = YES;
				COPY_PHASE_STRIP = NO;
				DEBUG_INFORMATION_FORMAT = "dwarf-with-dsym";
				ENABLE_NS_ASSERTIONS = NO;
				ENABLE_STRICT_OBJC_MSGSEND = YES;
				GCC_C_LANGUAGE_STANDARD = gnu11;
				GCC_NO_COMMON_BLOCKS = YES;
				GCC_WARN_64_TO_32_BIT_CONVERSION = YES;
				GCC_WARN_ABOUT_RETURN_TYPE = YES_ERROR;
				GCC_WARN_UNDECLARED_SELECTOR = YES;
				GCC_WARN_UNINITIALIZED_AUTOS = YES_AGGRESSIVE;
				GCC_WARN_UNUSED_FUNCTION = YES;
				GCC_WARN_UNUSED_VARIABLE = YES;
				IPHONEOS_DEPLOYMENT_TARGET = 15.0;
				MTL_ENABLE_DEBUG_INFO = NO;
				MTL_FAST_MATH = YES;
				SDKROOT = iphoneos;
				SWIFT_COMPILATION_MODE = wholemodule;
				SWIFT_OPTIMIZATION_LEVEL = "-O";
				VALIDATE_PRODUCT = YES;
			};
			name = Release;
		};
		84E6A4952770B3F600F11F5E /* Debug */ = {
			isa = XCBuildConfiguration;
			buildSettings = {
				ASSETCATALOG_COMPILER_APPICON_NAME = AppIcon;
				ASSETCATALOG_COMPILER_GLOBAL_ACCENT_COLOR_NAME = AccentColor;
				CODE_SIGN_STYLE = Automatic;
				CURRENT_PROJECT_VERSION = 1;
				GENERATE_INFOPLIST_FILE = YES;
				INFOPLIST_FILE = MadLibs/Info.plist;
				INFOPLIST_KEY_UIApplicationSupportsIndirectInputEvents = YES;
				INFOPLIST_KEY_UILaunchStoryboardName = LaunchScreen;
				INFOPLIST_KEY_UIMainStoryboardFile = Main;
				INFOPLIST_KEY_UISupportedInterfaceOrientations_iPad = "UIInterfaceOrientationPortrait UIInterfaceOrientationPortraitUpsideDown UIInterfaceOrientationLandscapeLeft UIInterfaceOrientationLandscapeRight";
				INFOPLIST_KEY_UISupportedInterfaceOrientations_iPhone = "UIInterfaceOrientationPortrait UIInterfaceOrientationLandscapeLeft UIInterfaceOrientationLandscapeRight";
				LD_RUNPATH_SEARCH_PATHS = (
					"$(inherited)",
					"@executable_path/Frameworks",
				);
				MARKETING_VERSION = 1.0;
				PRODUCT_BUNDLE_IDENTIFIER = hsn.MadLibs;
				PRODUCT_NAME = "$(TARGET_NAME)";
				SWIFT_EMIT_LOC_STRINGS = YES;
				SWIFT_VERSION = 5.0;
				TARGETED_DEVICE_FAMILY = "1,2";
			};
			name = Debug;
		};
		84E6A4962770B3F600F11F5E /* Release */ = {
			isa = XCBuildConfiguration;
			buildSettings = {
				ASSETCATALOG_COMPILER_APPICON_NAME = AppIcon;
				ASSETCATALOG_COMPILER_GLOBAL_ACCENT_COLOR_NAME = AccentColor;
				CODE_SIGN_STYLE = Automatic;
				CURRENT_PROJECT_VERSION = 1;
				GENERATE_INFOPLIST_FILE = YES;
				INFOPLIST_FILE = MadLibs/Info.plist;
				INFOPLIST_KEY_UIApplicationSupportsIndirectInputEvents = YES;
				INFOPLIST_KEY_UILaunchStoryboardName = LaunchScreen;
				INFOPLIST_KEY_UIMainStoryboardFile = Main;
				INFOPLIST_KEY_UISupportedInterfaceOrientations_iPad = "UIInterfaceOrientationPortrait UIInterfaceOrientationPortraitUpsideDown UIInterfaceOrientationLandscapeLeft UIInterfaceOrientationLandscapeRight";
				INFOPLIST_KEY_UISupportedInterfaceOrientations_iPhone = "UIInterfaceOrientationPortrait UIInterfaceOrientationLandscapeLeft UIInterfaceOrientationLandscapeRight";
				LD_RUNPATH_SEARCH_PATHS = (
					"$(inherited)",
					"@executable_path/Frameworks",
				);
				MARKETING_VERSION = 1.0;
				PRODUCT_BUNDLE_IDENTIFIER = hsn.MadLibs;
				PRODUCT_NAME = "$(TARGET_NAME)";
				SWIFT_EMIT_LOC_STRINGS = YES;
				SWIFT_VERSION = 5.0;
				TARGETED_DEVICE_FAMILY = "1,2";
			};
			name = Release;
		};
		84E6A4982770B3F600F11F5E /* Debug */ = {
			isa = XCBuildConfiguration;
			buildSettings = {
				ALWAYS_EMBED_SWIFT_STANDARD_LIBRARIES = YES;
				BUNDLE_LOADER = "$(TEST_HOST)";
				CODE_SIGN_STYLE = Automatic;
				CURRENT_PROJECT_VERSION = 1;
				GENERATE_INFOPLIST_FILE = YES;
				IPHONEOS_DEPLOYMENT_TARGET = 15.0;
				LD_RUNPATH_SEARCH_PATHS = (
					"$(inherited)",
					"@executable_path/Frameworks",
					"@loader_path/Frameworks",
				);
				MARKETING_VERSION = 1.0;
				PRODUCT_BUNDLE_IDENTIFIER = hsn.MadLibsTests;
				PRODUCT_NAME = "$(TARGET_NAME)";
				SWIFT_EMIT_LOC_STRINGS = NO;
				SWIFT_VERSION = 5.0;
				TARGETED_DEVICE_FAMILY = "1,2";
				TEST_HOST = "$(BUILT_PRODUCTS_DIR)/MadLibs.app/MadLibs";
			};
			name = Debug;
		};
		84E6A4992770B3F600F11F5E /* Release */ = {
			isa = XCBuildConfiguration;
			buildSettings = {
				ALWAYS_EMBED_SWIFT_STANDARD_LIBRARIES = YES;
				BUNDLE_LOADER = "$(TEST_HOST)";
				CODE_SIGN_STYLE = Automatic;
				CURRENT_PROJECT_VERSION = 1;
				GENERATE_INFOPLIST_FILE = YES;
				IPHONEOS_DEPLOYMENT_TARGET = 15.0;
				LD_RUNPATH_SEARCH_PATHS = (
					"$(inherited)",
					"@executable_path/Frameworks",
					"@loader_path/Frameworks",
				);
				MARKETING_VERSION = 1.0;
				PRODUCT_BUNDLE_IDENTIFIER = hsn.MadLibsTests;
				PRODUCT_NAME = "$(TARGET_NAME)";
				SWIFT_EMIT_LOC_STRINGS = NO;
				SWIFT_VERSION = 5.0;
				TARGETED_DEVICE_FAMILY = "1,2";
				TEST_HOST = "$(BUILT_PRODUCTS_DIR)/MadLibs.app/MadLibs";
			};
			name = Release;
		};
		84E6A49B2770B3F600F11F5E /* Debug */ = {
			isa = XCBuildConfiguration;
			buildSettings = {
				ALWAYS_EMBED_SWIFT_STANDARD_LIBRARIES = YES;
				CODE_SIGN_STYLE = Automatic;
				CURRENT_PROJECT_VERSION = 1;
				GENERATE_INFOPLIST_FILE = YES;
				LD_RUNPATH_SEARCH_PATHS = (
					"$(inherited)",
					"@executable_path/Frameworks",
					"@loader_path/Frameworks",
				);
				MARKETING_VERSION = 1.0;
				PRODUCT_BUNDLE_IDENTIFIER = hsn.MadLibsUITests;
				PRODUCT_NAME = "$(TARGET_NAME)";
				SWIFT_EMIT_LOC_STRINGS = NO;
				SWIFT_VERSION = 5.0;
				TARGETED_DEVICE_FAMILY = "1,2";
				TEST_TARGET_NAME = MadLibs;
			};
			name = Debug;
		};
		84E6A49C2770B3F600F11F5E /* Release */ = {
			isa = XCBuildConfiguration;
			buildSettings = {
				ALWAYS_EMBED_SWIFT_STANDARD_LIBRARIES = YES;
				CODE_SIGN_STYLE = Automatic;
				CURRENT_PROJECT_VERSION = 1;
				GENERATE_INFOPLIST_FILE = YES;
				LD_RUNPATH_SEARCH_PATHS = (
					"$(inherited)",
					"@executable_path/Frameworks",
					"@loader_path/Frameworks",
				);
				MARKETING_VERSION = 1.0;
				PRODUCT_BUNDLE_IDENTIFIER = hsn.MadLibsUITests;
				PRODUCT_NAME = "$(TARGET_NAME)";
				SWIFT_EMIT_LOC_STRINGS = NO;
				SWIFT_VERSION = 5.0;
				TARGETED_DEVICE_FAMILY = "1,2";
				TEST_TARGET_NAME = MadLibs;
			};
			name = Release;
		};
/* End XCBuildConfiguration section */

/* Begin XCConfigurationList section */
		84E6A4652770B3F400F11F5E /* Build configuration list for PBXProject "MadLibs" */ = {
			isa = XCConfigurationList;
			buildConfigurations = (
				84E6A4922770B3F600F11F5E /* Debug */,
				84E6A4932770B3F600F11F5E /* Release */,
			);
			defaultConfigurationIsVisible = 0;
			defaultConfigurationName = Release;
		};
		84E6A4942770B3F600F11F5E /* Build configuration list for PBXNativeTarget "MadLibs" */ = {
			isa = XCConfigurationList;
			buildConfigurations = (
				84E6A4952770B3F600F11F5E /* Debug */,
				84E6A4962770B3F600F11F5E /* Release */,
			);
			defaultConfigurationIsVisible = 0;
			defaultConfigurationName = Release;
		};
		84E6A4972770B3F600F11F5E /* Build configuration list for PBXNativeTarget "MadLibsTests" */ = {
			isa = XCConfigurationList;
			buildConfigurations = (
				84E6A4982770B3F600F11F5E /* Debug */,
				84E6A4992770B3F600F11F5E /* Release */,
			);
			defaultConfigurationIsVisible = 0;
			defaultConfigurationName = Release;
		};
		84E6A49A2770B3F600F11F5E /* Build configuration list for PBXNativeTarget "MadLibsUITests" */ = {
			isa = XCConfigurationList;
			buildConfigurations = (
				84E6A49B2770B3F600F11F5E /* Debug */,
				84E6A49C2770B3F600F11F5E /* Release */,
			);
			defaultConfigurationIsVisible = 0;
			defaultConfigurationName = Release;
		};
/* End XCConfigurationList section */
	};
	rootObject = 84E6A4622770B3F400F11F5E /* Project object */;
}
